{
  "name": "node-red-contrib-talib",
  "version": "0.0.1",
  "lockfileVersion": 1,
  "requires": true,
  "dependencies": {
    "nan": {
      "version": "2.8.0",
      "resolved": "https://registry.npmjs.org/nan/-/nan-2.8.0.tgz",
      "integrity": "sha1-7XFfP+neArV6XmJS2QqWZ14fCFo="
    },
    "talib": {
      "version": "1.0.3",
      "resolved": "https://registry.npmjs.org/talib/-/talib-1.0.3.tgz",
      "integrity": "sha1-6wp+P1MBsyOwrwL7M41DHSubc1o=",
      "requires": {
        "nan": "2.8.0"
      }
    }
  }
}
