{
  "name": "node-red-contrib-talib",
  "version": "0.0.8",
  "lockfileVersion": 1,
  "requires": true,
  "dependencies": {
    "talib": {
      "version": "1.0.6",
      "resolved": "https://registry.npmjs.org/talib/-/talib-1.0.6.tgz",
      "integrity": "sha512-/6HB+gWU/ejUBOm4qa01TBeANfZhfCaxT3bZPYOCybVR/B/fJUdSv00C8bRIGJKjD+sVt/3/CeiaulnmwmshUg==",
      "requires": {
        "nan": "^2.10.0"
      },
      "dependencies": {
        "nan": {
          "version": "2.12.1",
          "resolved": "https://registry.npmjs.org/nan/-/nan-2.12.1.tgz",
          "integrity": "sha512-JY7V6lRkStKcKTvHO5NVSQRv+RV+FIL5pvDoLiAtSL9pKlC5x9PKQcZDsq7m4FO4d57mkhC6Z+QhAh3Jdk5JFw=="
        }
      }
    }
  }
}
